
Microsoft Visual Studio Solution File, Format Version 12.00
# Visual Studio Version 16
VisualStudioVersion = 16.0.30002.166
MinimumVisualStudioVersion = 10.0.40219.1
Project("{FAE04EC0-301F-11D3-BF4B-00C04F79EFBC}") = "WebAdvert.Web", "WebAdvert.Web.csproj", "{ADCC48C6-6C18-44A0-A04D-DB027584A652}"
EndProject
Global
	GlobalSection(SolutionConfigurationPlatforms) = preSolution
		Debug|Any CPU = Debug|Any CPU
		Release|Any CPU = Release|Any CPU
	EndGlobalSection
	GlobalSection(ProjectConfigurationPlatforms) = postSolution
		{ADCC48C6-6C18-44A0-A04D-DB027584A652}.Debug|Any CPU.ActiveCfg = Debug|Any CPU
		{ADCC48C6-6C18-44A0-A04D-DB027584A652}.Debug|Any CPU.Build.0 = Debug|Any CPU
		{ADCC48C6-6C18-44A0-A04D-DB027584A652}.Release|Any CPU.ActiveCfg = Release|Any CPU
		{ADCC48C6-6C18-44A0-A04D-DB027584A652}.Release|Any CPU.Build.0 = Release|Any CPU
	EndGlobalSection
	GlobalSection(SolutionProperties) = preSolution
		HideSolutionNode = FALSE
	EndGlobalSection
	GlobalSection(ExtensibilityGlobals) = postSolution
		SolutionGuid = {8FF73ED1-0B8D-464E-A672-6C90C650C963}
	EndGlobalSection
EndGlobal
